
Microsoft Visual Studio Solution File, Format Version 12.00
# Visual Studio 15
VisualStudioVersion = 15.0.25807.0
MinimumVisualStudioVersion = 10.0.40219.1
Project("{2150E333-8FDC-42A3-9474-1A3956D46DE8}") = "Engine", "Engine", "{B642D6B9-D501-4F19-8814-029FC1BACBFC}"
EndProject
Project("{2150E333-8FDC-42A3-9474-1A3956D46DE8}") = "Games", "Games", "{8678CC9F-0197-4B69-9493-9D321C47E885}"
EndProject
Project("{8BC9CEB8-8B4A-11D0-8D11-00A0C91BC942}") = "UE4", "Intermediate\ProjectFiles\UE4.vcxproj", "{47FAD82C-56C8-454E-93D8-8A86020F5F71}"
EndProject
Project("{8BC9CEB8-8B4A-11D0-8D11-00A0C91BC942}") = "FPSGame", "Intermediate\ProjectFiles\FPSGame.vcxproj", "{B6974B70-FA98-4239-95AB-E7DEDD49FBDE}"
EndProject
Project("{2150E333-8FDC-42A3-9474-1A3956D46DE8}") = "Visualizers", "Visualizers", "{6014D60E-F54F-44F4-AD54-6877BA7174CD}"
	ProjectSection(SolutionItems) = preProject
		..\..\..\..\..\Program Files\Epic Games\UE_4.21\Engine\Extras\VisualStudioDebugging\UE4.natvis = ..\..\..\..\..\Program Files\Epic Games\UE_4.21\Engine\Extras\VisualStudioDebugging\UE4.natvis
	EndProjectSection
EndProject
Global
	GlobalSection(SolutionConfigurationPlatforms) = preSolution
		DebugGame Editor|HTML5 = DebugGame Editor|HTML5
		DebugGame Editor|IOS = DebugGame Editor|IOS
		DebugGame Editor|Win32 = DebugGame Editor|Win32
		DebugGame Editor|Win64 = DebugGame Editor|Win64
		DebugGame|HTML5 = DebugGame|HTML5
		DebugGame|IOS = DebugGame|IOS
		DebugGame|Win32 = DebugGame|Win32
		DebugGame|Win64 = DebugGame|Win64
		Development Editor|HTML5 = Development Editor|HTML5
		Development Editor|IOS = Development Editor|IOS
		Development Editor|Win32 = Development Editor|Win32
		Development Editor|Win64 = Development Editor|Win64
		Development|HTML5 = Development|HTML5
		Development|IOS = Development|IOS
		Development|Win32 = Development|Win32
		Development|Win64 = Development|Win64
		Shipping|HTML5 = Shipping|HTML5
		Shipping|IOS = Shipping|IOS
		Shipping|Win32 = Shipping|Win32
		Shipping|Win64 = Shipping|Win64
	EndGlobalSection
	GlobalSection(ProjectConfigurationPlatforms) = postSolution
		{47FAD82C-56C8-454E-93D8-8A86020F5F71}.DebugGame Editor|HTML5.ActiveCfg = BuiltWithUnrealBuildTool|Win32
		{47FAD82C-56C8-454E-93D8-8A86020F5F71}.DebugGame Editor|IOS.ActiveCfg = BuiltWithUnrealBuildTool|Win32
		{47FAD82C-56C8-454E-93D8-8A86020F5F71}.DebugGame Editor|Win32.ActiveCfg = BuiltWithUnrealBuildTool|Win32
		{47FAD82C-56C8-454E-93D8-8A86020F5F71}.DebugGame Editor|Win64.ActiveCfg = BuiltWithUnrealBuildTool|Win32
		{47FAD82C-56C8-454E-93D8-8A86020F5F71}.DebugGame|HTML5.ActiveCfg = BuiltWithUnrealBuildTool|Win32
		{47FAD82C-56C8-454E-93D8-8A86020F5F71}.DebugGame|IOS.ActiveCfg = BuiltWithUnrealBuildTool|Win32
		{47FAD82C-56C8-454E-93D8-8A86020F5F71}.DebugGame|Win32.ActiveCfg = BuiltWithUnrealBuildTool|Win32
		{47FAD82C-56C8-454E-93D8-8A86020F5F71}.DebugGame|Win64.ActiveCfg = BuiltWithUnrealBuildTool|Win32
		{47FAD82C-56C8-454E-93D8-8A86020F5F71}.Development Editor|HTML5.ActiveCfg = BuiltWithUnrealBuildTool|Win32
		{47FAD82C-56C8-454E-93D8-8A86020F5F71}.Development Editor|IOS.ActiveCfg = BuiltWithUnrealBuildTool|Win32
		{47FAD82C-56C8-454E-93D8-8A86020F5F71}.Development Editor|Win32.ActiveCfg = BuiltWithUnrealBuildTool|Win32
		{47FAD82C-56C8-454E-93D8-8A86020F5F71}.Development Editor|Win64.ActiveCfg = BuiltWithUnrealBuildTool|Win32
		{47FAD82C-56C8-454E-93D8-8A86020F5F71}.Development|HTML5.ActiveCfg = BuiltWithUnrealBuildTool|Win32
		{47FAD82C-56C8-454E-93D8-8A86020F5F71}.Development|IOS.ActiveCfg = BuiltWithUnrealBuildTool|Win32
		{47FAD82C-56C8-454E-93D8-8A86020F5F71}.Development|Win32.ActiveCfg = BuiltWithUnrealBuildTool|Win32
		{47FAD82C-56C8-454E-93D8-8A86020F5F71}.Development|Win64.ActiveCfg = BuiltWithUnrealBuildTool|Win32
		{47FAD82C-56C8-454E-93D8-8A86020F5F71}.Shipping|HTML5.ActiveCfg = BuiltWithUnrealBuildTool|Win32
		{47FAD82C-56C8-454E-93D8-8A86020F5F71}.Shipping|IOS.ActiveCfg = BuiltWithUnrealBuildTool|Win32
		{47FAD82C-56C8-454E-93D8-8A86020F5F71}.Shipping|Win32.ActiveCfg = BuiltWithUnrealBuildTool|Win32
		{47FAD82C-56C8-454E-93D8-8A86020F5F71}.Shipping|Win64.ActiveCfg = BuiltWithUnrealBuildTool|Win32
		{B6974B70-FA98-4239-95AB-E7DEDD49FBDE}.DebugGame Editor|HTML5.ActiveCfg = Invalid|Win32
		{B6974B70-FA98-4239-95AB-E7DEDD49FBDE}.DebugGame Editor|IOS.ActiveCfg = Invalid|Win32
		{B6974B70-FA98-4239-95AB-E7DEDD49FBDE}.DebugGame Editor|Win32.ActiveCfg = Invalid|Win32
		{B6974B70-FA98-4239-95AB-E7DEDD49FBDE}.DebugGame Editor|Win64.ActiveCfg = DebugGame_Editor|x64
		{B6974B70-FA98-4239-95AB-E7DEDD49FBDE}.DebugGame Editor|Win64.Build.0 = DebugGame_Editor|x64
		{B6974B70-FA98-4239-95AB-E7DEDD49FBDE}.DebugGame|HTML5.ActiveCfg = HTML5_DebugGame|Win32
		{B6974B70-FA98-4239-95AB-E7DEDD49FBDE}.DebugGame|HTML5.Build.0 = HTML5_DebugGame|Win32
		{B6974B70-FA98-4239-95AB-E7DEDD49FBDE}.DebugGame|IOS.ActiveCfg = IOS_DebugGame|Win32
		{B6974B70-FA98-4239-95AB-E7DEDD49FBDE}.DebugGame|IOS.Build.0 = IOS_DebugGame|Win32
		{B6974B70-FA98-4239-95AB-E7DEDD49FBDE}.DebugGame|Win32.ActiveCfg = DebugGame|Win32
		{B6974B70-FA98-4239-95AB-E7DEDD49FBDE}.DebugGame|Win32.Build.0 = DebugGame|Win32
		{B6974B70-FA98-4239-95AB-E7DEDD49FBDE}.DebugGame|Win64.ActiveCfg = DebugGame|x64
		{B6974B70-FA98-4239-95AB-E7DEDD49FBDE}.DebugGame|Win64.Build.0 = DebugGame|x64
		{B6974B70-FA98-4239-95AB-E7DEDD49FBDE}.Development Editor|HTML5.ActiveCfg = Invalid|Win32
		{B6974B70-FA98-4239-95AB-E7DEDD49FBDE}.Development Editor|IOS.ActiveCfg = Invalid|Win32
		{B6974B70-FA98-4239-95AB-E7DEDD49FBDE}.Development Editor|Win32.ActiveCfg = Invalid|Win32
		{B6974B70-FA98-4239-95AB-E7DEDD49FBDE}.Development Editor|Win64.ActiveCfg = Development_Editor|x64
		{B6974B70-FA98-4239-95AB-E7DEDD49FBDE}.Development Editor|Win64.Build.0 = Development_Editor|x64
		{B6974B70-FA98-4239-95AB-E7DEDD49FBDE}.Development|HTML5.ActiveCfg = HTML5_Development|Win32
		{B6974B70-FA98-4239-95AB-E7DEDD49FBDE}.Development|HTML5.Build.0 = HTML5_Development|Win32
		{B6974B70-FA98-4239-95AB-E7DEDD49FBDE}.Development|IOS.ActiveCfg = IOS_Development|Win32
		{B6974B70-FA98-4239-95AB-E7DEDD49FBDE}.Development|IOS.Build.0 = IOS_Development|Win32
		{B6974B70-FA98-4239-95AB-E7DEDD49FBDE}.Development|Win32.ActiveCfg = Development|Win32
		{B6974B70-FA98-4239-95AB-E7DEDD49FBDE}.Development|Win32.Build.0 = Development|Win32
		{B6974B70-FA98-4239-95AB-E7DEDD49FBDE}.Development|Win64.ActiveCfg = Development|x64
		{B6974B70-FA98-4239-95AB-E7DEDD49FBDE}.Development|Win64.Build.0 = Development|x64
		{B6974B70-FA98-4239-95AB-E7DEDD49FBDE}.Shipping|HTML5.ActiveCfg = HTML5_Shipping|Win32
		{B6974B70-FA98-4239-95AB-E7DEDD49FBDE}.Shipping|HTML5.Build.0 = HTML5_Shipping|Win32
		{B6974B70-FA98-4239-95AB-E7DEDD49FBDE}.Shipping|IOS.ActiveCfg = IOS_Shipping|Win32
		{B6974B70-FA98-4239-95AB-E7DEDD49FBDE}.Shipping|IOS.Build.0 = IOS_Shipping|Win32
		{B6974B70-FA98-4239-95AB-E7DEDD49FBDE}.Shipping|Win32.ActiveCfg = Shipping|Win32
		{B6974B70-FA98-4239-95AB-E7DEDD49FBDE}.Shipping|Win32.Build.0 = Shipping|Win32
		{B6974B70-FA98-4239-95AB-E7DEDD49FBDE}.Shipping|Win64.ActiveCfg = Shipping|x64
		{B6974B70-FA98-4239-95AB-E7DEDD49FBDE}.Shipping|Win64.Build.0 = Shipping|x64
	EndGlobalSection
	GlobalSection(SolutionProperties) = preSolution
		HideSolutionNode = FALSE
	EndGlobalSection
	GlobalSection(NestedProjects) = preSolution
		{47FAD82C-56C8-454E-93D8-8A86020F5F71} = {B642D6B9-D501-4F19-8814-029FC1BACBFC}
		{B6974B70-FA98-4239-95AB-E7DEDD49FBDE} = {8678CC9F-0197-4B69-9493-9D321C47E885}
	EndGlobalSection
EndGlobal
